
Microsoft Visual Studio Solution File, Format Version 12.00
# Visual Studio Version 17
VisualStudioVersion = 17.1.31911.260
MinimumVisualStudioVersion = 10.0.40219.1
Project("{FAE04EC0-301F-11D3-BF4B-00C04F79EFBC}") = "SuttonP.MeterReadings.Data", "SuttonP.MeterReadings.Data\SuttonP.MeterReadings.Data.csproj", "{003A80D2-1A65-4167-BF80-AD47831BC328}"
EndProject
Project("{FAE04EC0-301F-11D3-BF4B-00C04F79EFBC}") = "SuttonP.MeterReading.Domain", "SuttonP.MeterReading.Domain\SuttonP.MeterReading.Domain.csproj", "{FD0C0F2B-9734-46B2-B881-EA5583BDEE1D}"
EndProject
Global
	GlobalSection(SolutionConfigurationPlatforms) = preSolution
		Debug|Any CPU = Debug|Any CPU
		Release|Any CPU = Release|Any CPU
	EndGlobalSection
	GlobalSection(ProjectConfigurationPlatforms) = postSolution
		{003A80D2-1A65-4167-BF80-AD47831BC328}.Debug|Any CPU.ActiveCfg = Debug|Any CPU
		{003A80D2-1A65-4167-BF80-AD47831BC328}.Debug|Any CPU.Build.0 = Debug|Any CPU
		{003A80D2-1A65-4167-BF80-AD47831BC328}.Release|Any CPU.ActiveCfg = Release|Any CPU
		{003A80D2-1A65-4167-BF80-AD47831BC328}.Release|Any CPU.Build.0 = Release|Any CPU
		{FD0C0F2B-9734-46B2-B881-EA5583BDEE1D}.Debug|Any CPU.ActiveCfg = Debug|Any CPU
		{FD0C0F2B-9734-46B2-B881-EA5583BDEE1D}.Debug|Any CPU.Build.0 = Debug|Any CPU
		{FD0C0F2B-9734-46B2-B881-EA5583BDEE1D}.Release|Any CPU.ActiveCfg = Release|Any CPU
		{FD0C0F2B-9734-46B2-B881-EA5583BDEE1D}.Release|Any CPU.Build.0 = Release|Any CPU
	EndGlobalSection
	GlobalSection(SolutionProperties) = preSolution
		HideSolutionNode = FALSE
	EndGlobalSection
	GlobalSection(ExtensibilityGlobals) = postSolution
		SolutionGuid = {8B4BC09D-22A6-468D-B2BC-1BF07595B342}
	EndGlobalSection
EndGlobal
