
Microsoft Visual Studio Solution File, Format Version 12.00
# Visual Studio Version 17
VisualStudioVersion = 17.1.31911.260
MinimumVisualStudioVersion = 10.0.40219.1
Project("{9A19103F-16F7-4668-BE54-9A1E7A4F7556}") = "SuttonP.MeterReadings.Data", "SuttonP.MeterReadings.Data\SuttonP.MeterReadings.Data.csproj", "{003A80D2-1A65-4167-BF80-AD47831BC328}"
EndProject
Project("{9A19103F-16F7-4668-BE54-9A1E7A4F7556}") = "SuttonP.MeterReadings.Domain", "SuttonP.MeterReading.Domain\SuttonP.MeterReadings.Domain.csproj", "{FD0C0F2B-9734-46B2-B881-EA5583BDEE1D}"
EndProject
Project("{2150E333-8FDC-42A3-9474-1A3956D46DE8}") = "Solution Items", "Solution Items", "{9D812057-4148-45A8-8F82-25DAAFEB6377}"
	ProjectSection(SolutionItems) = preProject
		.editorconfig = .editorconfig
	EndProjectSection
EndProject
Project("{FAE04EC0-301F-11D3-BF4B-00C04F79EFBC}") = "SuttonP.MeterReadings.API", "SuttonP.MeterReadings.API\SuttonP.MeterReadings.API.csproj", "{03F1AA4F-0574-4E64-9557-692815DED2E3}"
EndProject
Project("{FAE04EC0-301F-11D3-BF4B-00C04F79EFBC}") = "SuttonP.MeterReadings.Tests", "SuttonP.MeterReadings.Tests\SuttonP.MeterReadings.Tests.csproj", "{88E3A01E-8030-478F-B0FA-86DB2B0D9C5F}"
EndProject
Global
	GlobalSection(SolutionConfigurationPlatforms) = preSolution
		Debug|Any CPU = Debug|Any CPU
		Release|Any CPU = Release|Any CPU
	EndGlobalSection
	GlobalSection(ProjectConfigurationPlatforms) = postSolution
		{003A80D2-1A65-4167-BF80-AD47831BC328}.Debug|Any CPU.ActiveCfg = Debug|Any CPU
		{003A80D2-1A65-4167-BF80-AD47831BC328}.Debug|Any CPU.Build.0 = Debug|Any CPU
		{003A80D2-1A65-4167-BF80-AD47831BC328}.Release|Any CPU.ActiveCfg = Release|Any CPU
		{003A80D2-1A65-4167-BF80-AD47831BC328}.Release|Any CPU.Build.0 = Release|Any CPU
		{FD0C0F2B-9734-46B2-B881-EA5583BDEE1D}.Debug|Any CPU.ActiveCfg = Debug|Any CPU
		{FD0C0F2B-9734-46B2-B881-EA5583BDEE1D}.Debug|Any CPU.Build.0 = Debug|Any CPU
		{FD0C0F2B-9734-46B2-B881-EA5583BDEE1D}.Release|Any CPU.ActiveCfg = Release|Any CPU
		{FD0C0F2B-9734-46B2-B881-EA5583BDEE1D}.Release|Any CPU.Build.0 = Release|Any CPU
		{03F1AA4F-0574-4E64-9557-692815DED2E3}.Debug|Any CPU.ActiveCfg = Debug|Any CPU
		{03F1AA4F-0574-4E64-9557-692815DED2E3}.Debug|Any CPU.Build.0 = Debug|Any CPU
		{03F1AA4F-0574-4E64-9557-692815DED2E3}.Release|Any CPU.ActiveCfg = Release|Any CPU
		{03F1AA4F-0574-4E64-9557-692815DED2E3}.Release|Any CPU.Build.0 = Release|Any CPU
		{88E3A01E-8030-478F-B0FA-86DB2B0D9C5F}.Debug|Any CPU.ActiveCfg = Debug|Any CPU
		{88E3A01E-8030-478F-B0FA-86DB2B0D9C5F}.Debug|Any CPU.Build.0 = Debug|Any CPU
		{88E3A01E-8030-478F-B0FA-86DB2B0D9C5F}.Release|Any CPU.ActiveCfg = Release|Any CPU
		{88E3A01E-8030-478F-B0FA-86DB2B0D9C5F}.Release|Any CPU.Build.0 = Release|Any CPU
	EndGlobalSection
	GlobalSection(SolutionProperties) = preSolution
		HideSolutionNode = FALSE
	EndGlobalSection
	GlobalSection(ExtensibilityGlobals) = postSolution
		SolutionGuid = {8B4BC09D-22A6-468D-B2BC-1BF07595B342}
	EndGlobalSection
EndGlobal
